
Microsoft Visual Studio Solution File, Format Version 12.00
# Visual Studio Version 17
VisualStudioVersion = 17.5.002.0
MinimumVisualStudioVersion = 10.0.40219.1
Project("{9A19103F-16F7-4668-BE54-9A1E7A4F7556}") = "Atividade", "Atividade.csproj", "{7BB884FA-D3B0-4FD6-8A9E-06A6950C4918}"
EndProject
Global
	GlobalSection(SolutionConfigurationPlatforms) = preSolution
		Debug|Any CPU = Debug|Any CPU
		Release|Any CPU = Release|Any CPU
	EndGlobalSection
	GlobalSection(ProjectConfigurationPlatforms) = postSolution
		{7BB884FA-D3B0-4FD6-8A9E-06A6950C4918}.Debug|Any CPU.ActiveCfg = Debug|Any CPU
		{7BB884FA-D3B0-4FD6-8A9E-06A6950C4918}.Debug|Any CPU.Build.0 = Debug|Any CPU
		{7BB884FA-D3B0-4FD6-8A9E-06A6950C4918}.Release|Any CPU.ActiveCfg = Release|Any CPU
		{7BB884FA-D3B0-4FD6-8A9E-06A6950C4918}.Release|Any CPU.Build.0 = Release|Any CPU
	EndGlobalSection
	GlobalSection(SolutionProperties) = preSolution
		HideSolutionNode = FALSE
	EndGlobalSection
	GlobalSection(ExtensibilityGlobals) = postSolution
		SolutionGuid = {9EB8BAF4-F010-4400-B1AA-5958CE901006}
	EndGlobalSection
EndGlobal
